
Microsoft Visual Studio Solution File, Format Version 12.00
# Visual Studio 15
VisualStudioVersion = 15.0.27428.2027
MinimumVisualStudioVersion = 10.0.40219.1
Project("{FAE04EC0-301F-11D3-BF4B-00C04F79EFBC}") = "TiposDatosAtributos", "TiposDatosAtributos\TiposDatosAtributos.csproj", "{F5BB5181-70CA-4A9F-9629-3F0959C3539B}"
EndProject
Global
	GlobalSection(SolutionConfigurationPlatforms) = preSolution
		Debug|Any CPU = Debug|Any CPU
		Release|Any CPU = Release|Any CPU
	EndGlobalSection
	GlobalSection(ProjectConfigurationPlatforms) = postSolution
		{F5BB5181-70CA-4A9F-9629-3F0959C3539B}.Debug|Any CPU.ActiveCfg = Debug|Any CPU
		{F5BB5181-70CA-4A9F-9629-3F0959C3539B}.Debug|Any CPU.Build.0 = Debug|Any CPU
		{F5BB5181-70CA-4A9F-9629-3F0959C3539B}.Release|Any CPU.ActiveCfg = Release|Any CPU
		{F5BB5181-70CA-4A9F-9629-3F0959C3539B}.Release|Any CPU.Build.0 = Release|Any CPU
	EndGlobalSection
	GlobalSection(SolutionProperties) = preSolution
		HideSolutionNode = FALSE
	EndGlobalSection
	GlobalSection(ExtensibilityGlobals) = postSolution
		SolutionGuid = {4E449BD0-DE64-49AB-844B-0135EF54E6D5}
	EndGlobalSection
EndGlobal
